// !$*UTF8*$!
{
	archiveVersion = 1;
	classes = {
	};
	objectVersion = 54;
	objects = {

/* Begin PBXBuildFile section */
		00E356F31AD99517003FC87E /* RNFBTests.m in Sources */ = {isa = PBXBuildFile; fileRef = 00E356F21AD99517003FC87E /* RNFBTests.m */; };
		13B07FBC1A68108700A75B9A /* AppDelegate.m in Sources */ = {isa = PBXBuildFile; fileRef = 13B07FB01A68108700A75B9A /* AppDelegate.m */; };
		13B07FBF1A68108700A75B9A /* Images.xcassets in Resources */ = {isa = PBXBuildFile; fileRef = 13B07FB51A68108700A75B9A /* Images.xcassets */; };
		13B07FC11A68108700A75B9A /* main.m in Sources */ = {isa = PBXBuildFile; fileRef = 13B07FB71A68108700A75B9A /* main.m */; };
		1C74FC36ADDBDBCFC4A629A4 /* libPods-RNFB-RNFBTests.a in Frameworks */ = {isa = PBXBuildFile; fileRef = 8E06FC30F02C646EC8C9C19E /* libPods-RNFB-RNFBTests.a */; };
		4F297132654364065C47D01A /* libPods-RNFB.a in Frameworks */ = {isa = PBXBuildFile; fileRef = 66264C2940F9660E7998E252 /* libPods-RNFB.a */; };
		81AB9BB82411601600AC10FF /* LaunchScreen.storyboard in Resources */ = {isa = PBXBuildFile; fileRef = 81AB9BB72411601600AC10FF /* LaunchScreen.storyboard */; };
		74F930C610624F4F86AFE1A9 /* AntDesign.ttf in Resources */ = {isa = PBXBuildFile; fileRef = AC0E4453B7A3455F9794396E /* AntDesign.ttf */; };
		264EBC763A894E7FBD5FDB45 /* Entypo.ttf in Resources */ = {isa = PBXBuildFile; fileRef = 9FA25A4166EA4517A96AFD70 /* Entypo.ttf */; };
		E317E9759D344D5681A91D10 /* EvilIcons.ttf in Resources */ = {isa = PBXBuildFile; fileRef = 6F3DDFE3FE4E495B80F394AF /* EvilIcons.ttf */; };
		0302732206AD496CA30C56E1 /* Feather.ttf in Resources */ = {isa = PBXBuildFile; fileRef = 5314B102C9A24372865997B5 /* Feather.ttf */; };
		616C006498FC46708F9FCF4C /* FontAwesome.ttf in Resources */ = {isa = PBXBuildFile; fileRef = 25B0EAA858B8451798D766C2 /* FontAwesome.ttf */; };
		D885B1A1A08A4B279B48C42D /* FontAwesome5_Brands.ttf in Resources */ = {isa = PBXBuildFile; fileRef = 4D857999E27242899F0E4AFA /* FontAwesome5_Brands.ttf */; };
		6A4F136D397D44F8BCEAE8AD /* FontAwesome5_Regular.ttf in Resources */ = {isa = PBXBuildFile; fileRef = 3F9A51691480450A95DE9462 /* FontAwesome5_Regular.ttf */; };
		110FD85A1D1F4D3E97BE3DEC /* FontAwesome5_Solid.ttf in Resources */ = {isa = PBXBuildFile; fileRef = D7BAAED96BB243DA9FFDAF51 /* FontAwesome5_Solid.ttf */; };
		80B9EB533B074EB98B36EB13 /* Fontisto.ttf in Resources */ = {isa = PBXBuildFile; fileRef = 77A4BFF236744C47AF63B6CE /* Fontisto.ttf */; };
		1E9D0D1397D24C888886F344 /* Foundation.ttf in Resources */ = {isa = PBXBuildFile; fileRef = C80BC984B0C148B8BDDDD140 /* Foundation.ttf */; };
		C730C091952142AE9741EE89 /* Ionicons.ttf in Resources */ = {isa = PBXBuildFile; fileRef = CE814B5CE0F540A9994FD74A /* Ionicons.ttf */; };
		42D7E3849802488DBC10B78F /* MaterialCommunityIcons.ttf in Resources */ = {isa = PBXBuildFile; fileRef = 7F8C450045564A3C888391E1 /* MaterialCommunityIcons.ttf */; };
		EE44B08206494F07A9DDD66B /* MaterialIcons.ttf in Resources */ = {isa = PBXBuildFile; fileRef = 5A3D5BFD8C4048009A62BF4B /* MaterialIcons.ttf */; };
		AB58F9125B2343F88C9C4019 /* Octicons.ttf in Resources */ = {isa = PBXBuildFile; fileRef = 30E0A47F98914857BEEA07F2 /* Octicons.ttf */; };
		3325A25153CB49DA965E1A44 /* SimpleLineIcons.ttf in Resources */ = {isa = PBXBuildFile; fileRef = 2E31D2615AC34F308A19F81E /* SimpleLineIcons.ttf */; };
		32E0C722C4AF4D48B7FE23F9 /* Zocial.ttf in Resources */ = {isa = PBXBuildFile; fileRef = F7E064659EC6403582E02867 /* Zocial.ttf */; };
		AABAF2A1BF4B4F768067E96D /* FrankRuhlLibre-Black.ttf in Resources */ = {isa = PBXBuildFile; fileRef = 46420285B1D14F2A8223BB3E /* FrankRuhlLibre-Black.ttf */; };
		BD8C0F15B44D4382BEF34A90 /* FrankRuhlLibre-Bold.ttf in Resources */ = {isa = PBXBuildFile; fileRef = 28670D9D989740839DEDF993 /* FrankRuhlLibre-Bold.ttf */; };
		94B6452DC6984AF0BF48DFDE /* FrankRuhlLibre-Light.ttf in Resources */ = {isa = PBXBuildFile; fileRef = D6A8CCA81BE5414592459974 /* FrankRuhlLibre-Light.ttf */; };
		F065368B633B42DAAC36F1F7 /* FrankRuhlLibre-Medium.ttf in Resources */ = {isa = PBXBuildFile; fileRef = 7E46E82AED494677929E0BD6 /* FrankRuhlLibre-Medium.ttf */; };
		CB6174EF3E0942F99FD6F484 /* FrankRuhlLibre-Regular.ttf in Resources */ = {isa = PBXBuildFile; fileRef = FC365868BED04EC2A1E6FC55 /* FrankRuhlLibre-Regular.ttf */; };
		2E7CE0627DAC4E598BAC2D4D /* GowunBatang-Bold.ttf in Resources */ = {isa = PBXBuildFile; fileRef = 70DEBCFE9AAF41E48539E7BB /* GowunBatang-Bold.ttf */; };
		2428C6BEFBE84C5DBB9D18D1 /* GowunBatang-Regular.ttf in Resources */ = {isa = PBXBuildFile; fileRef = 05061908E63E46C1B32972B9 /* GowunBatang-Regular.ttf */; };
		D798DDF3683440FCBEEF21C6 /* AntDesign.ttf in Resources */ = {isa = PBXBuildFile; fileRef = DBE84E9A7AD346728F77DCDC /* AntDesign.ttf */; };
		3FA6A6D75D244CF880FAD225 /* Entypo.ttf in Resources */ = {isa = PBXBuildFile; fileRef = 363766B48C9C4BFEB96D322A /* Entypo.ttf */; };
		E43CC960703B4F98AFDCEA2E /* EvilIcons.ttf in Resources */ = {isa = PBXBuildFile; fileRef = 42F1882D22604C9F9BC1845C /* EvilIcons.ttf */; };
		A72CE5385CBE48B9A392C30D /* Feather.ttf in Resources */ = {isa = PBXBuildFile; fileRef = 9E3AAA03D49740C7A88FB917 /* Feather.ttf */; };
		01C39BE0D5C64E39AA6189CA /* FontAwesome.ttf in Resources */ = {isa = PBXBuildFile; fileRef = AC4B15860996403D93593803 /* FontAwesome.ttf */; };
		9D6F1988A4CE482C881F3D67 /* FontAwesome5_Brands.ttf in Resources */ = {isa = PBXBuildFile; fileRef = 90A610D9BB074DA2B2E48755 /* FontAwesome5_Brands.ttf */; };
		7F27C24B1B934C6F91555468 /* FontAwesome5_Regular.ttf in Resources */ = {isa = PBXBuildFile; fileRef = 7F7E028A4DE34857B2063317 /* FontAwesome5_Regular.ttf */; };
		DCE936B3A98948018D58F663 /* FontAwesome5_Solid.ttf in Resources */ = {isa = PBXBuildFile; fileRef = 3C2A0C6D791B41EF91421A77 /* FontAwesome5_Solid.ttf */; };
		040789435C3A4EF4BEAD51BD /* Fontisto.ttf in Resources */ = {isa = PBXBuildFile; fileRef = 3400CED6576C416498701EB5 /* Fontisto.ttf */; };
		DFB6EF0F45B648358F2C2B7A /* Foundation.ttf in Resources */ = {isa = PBXBuildFile; fileRef = F39DD95DB2C242FE9BEBE6F6 /* Foundation.ttf */; };
		1F263BF81F8D4766A8161DE0 /* FrankRuhlLibre-Black.ttf in Resources */ = {isa = PBXBuildFile; fileRef = BE3C2E0B2C9E47DC89386DBB /* FrankRuhlLibre-Black.ttf */; };
		DF6B8CA05B734B3EB63EC45F /* FrankRuhlLibre-Bold.ttf in Resources */ = {isa = PBXBuildFile; fileRef = 12863F4653DD46B79F4CA3AD /* FrankRuhlLibre-Bold.ttf */; };
		5B62094E5E124613A663BCE8 /* FrankRuhlLibre-Light.ttf in Resources */ = {isa = PBXBuildFile; fileRef = 8FED12DAE3334E988693B76D /* FrankRuhlLibre-Light.ttf */; };
		2505FA3A8C2046FE96960497 /* FrankRuhlLibre-Medium.ttf in Resources */ = {isa = PBXBuildFile; fileRef = 7F908D8276D546E0A5BA09F6 /* FrankRuhlLibre-Medium.ttf */; };
		9443113AC2B0449F9D868539 /* FrankRuhlLibre-Regular.ttf in Resources */ = {isa = PBXBuildFile; fileRef = B1F2078282C14AD5BB496593 /* FrankRuhlLibre-Regular.ttf */; };
		AF98067D32B44B599AA0891D /* GowunBatang-Bold.ttf in Resources */ = {isa = PBXBuildFile; fileRef = 6E1EA69488084470A553F1C9 /* GowunBatang-Bold.ttf */; };
		E4CAB036A86C4463BEF125A8 /* GowunBatang-Regular.ttf in Resources */ = {isa = PBXBuildFile; fileRef = 274E29A2515345AFBAB3E024 /* GowunBatang-Regular.ttf */; };
		9B8B6ECDD4F84A36B6E5C40D /* Ionicons.ttf in Resources */ = {isa = PBXBuildFile; fileRef = 53EEF1C2305D4EB7BDFA5833 /* Ionicons.ttf */; };
		8DD6022BFE8D483C92C13784 /* MaterialCommunityIcons.ttf in Resources */ = {isa = PBXBuildFile; fileRef = 4A050C779A184D4999A93FA3 /* MaterialCommunityIcons.ttf */; };
		3FFFB410608B4439A8E77F61 /* MaterialIcons.ttf in Resources */ = {isa = PBXBuildFile; fileRef = A3452755EE8D44C6A5511593 /* MaterialIcons.ttf */; };
		911D494E12C844FCB9B428C8 /* Octicons.ttf in Resources */ = {isa = PBXBuildFile; fileRef = 3F13F2479C7443CFB217B9FA /* Octicons.ttf */; };
		86069A417A2E41789CD722A5 /* SimpleLineIcons.ttf in Resources */ = {isa = PBXBuildFile; fileRef = CE1688EB95A64B3C984A2186 /* SimpleLineIcons.ttf */; };
		F8577FDF21C84C3EAE4D2918 /* Zocial.ttf in Resources */ = {isa = PBXBuildFile; fileRef = 1E4B7981F27048F293F9BA15 /* Zocial.ttf */; };
		5D3FB99A832E478285DB8D07 /* IBMPlexSansKR-Bold.ttf in Resources */ = {isa = PBXBuildFile; fileRef = 1121E2D12265499BBE0731F7 /* IBMPlexSansKR-Bold.ttf */; };
		B300071FCE62405FBF2BE666 /* IBMPlexSansKR-ExtraLight.ttf in Resources */ = {isa = PBXBuildFile; fileRef = B33A4CECFFDD451A8B8300EF /* IBMPlexSansKR-ExtraLight.ttf */; };
		2999643E27E54AFCAC5C7B6C /* IBMPlexSansKR-Light.ttf in Resources */ = {isa = PBXBuildFile; fileRef = 6FFC411BA46B4FFDA2A0996E /* IBMPlexSansKR-Light.ttf */; };
		2BD6B360A03B4C0C92A92509 /* IBMPlexSansKR-Medium.ttf in Resources */ = {isa = PBXBuildFile; fileRef = 9CA51BBCCC644D4695557F89 /* IBMPlexSansKR-Medium.ttf */; };
		EE835B33C842443AA9843BD3 /* IBMPlexSansKR-Regular.ttf in Resources */ = {isa = PBXBuildFile; fileRef = BC72E387B0854C61AE560D95 /* IBMPlexSansKR-Regular.ttf */; };
		CD6EC02EB2F647E89424053A /* IBMPlexSansKR-SemiBold.ttf in Resources */ = {isa = PBXBuildFile; fileRef = 4CDA9A2C50E24F0ABA769D90 /* IBMPlexSansKR-SemiBold.ttf */; };
		E9E8D7A86AC847DFA391EE64 /* IBMPlexSansKR-Thin.ttf in Resources */ = {isa = PBXBuildFile; fileRef = BD1741D15ECB4E4FB097AA2D /* IBMPlexSansKR-Thin.ttf */; };
		0EBF887721284FEC94E72969 /* IBMPlexSansKR-Bold.ttf in Resources */ = {isa = PBXBuildFile; fileRef = 6C1DABBB23074EB0BC3275AA /* IBMPlexSansKR-Bold.ttf */; };
		E9DC743539B64EBFA78F345C /* IBMPlexSansKR-ExtraLight.ttf in Resources */ = {isa = PBXBuildFile; fileRef = 72B6A6FFEFED45448102E526 /* IBMPlexSansKR-ExtraLight.ttf */; };
		F797B22AE4644124A717C152 /* IBMPlexSansKR-Light.ttf in Resources */ = {isa = PBXBuildFile; fileRef = 379B11602E8A4140B935A0E4 /* IBMPlexSansKR-Light.ttf */; };
		D39149B7F2954ED5A7DCAB44 /* IBMPlexSansKR-Medium.ttf in Resources */ = {isa = PBXBuildFile; fileRef = 88440AB36B7E41AFB34F8EAD /* IBMPlexSansKR-Medium.ttf */; };
		6EAE22CFD7834C4794020F56 /* IBMPlexSansKR-Regular.ttf in Resources */ = {isa = PBXBuildFile; fileRef = 8175FA4D4BB64BE7BD9ACA01 /* IBMPlexSansKR-Regular.ttf */; };
		EA28999B1618428A88A8A242 /* IBMPlexSansKR-SemiBold.ttf in Resources */ = {isa = PBXBuildFile; fileRef = 9895970A17834701AF4EC33D /* IBMPlexSansKR-SemiBold.ttf */; };
		7E28FBEB3DD841738439CD2E /* IBMPlexSansKR-Thin.ttf in Resources */ = {isa = PBXBuildFile; fileRef = 7B84F1D33A2844C48BF8F9EE /* IBMPlexSansKR-Thin.ttf */; };
/* End PBXBuildFile section */

/* Begin PBXContainerItemProxy section */
		00E356F41AD99517003FC87E /* PBXContainerItemProxy */ = {
			isa = PBXContainerItemProxy;
			containerPortal = 83CBB9F71A601CBA00E9B192 /* Project object */;
			proxyType = 1;
			remoteGlobalIDString = 13B07F861A680F5B00A75B9A;
			remoteInfo = RNFB;
		};
/* End PBXContainerItemProxy section */

/* Begin PBXFileReference section */
		00E356EE1AD99517003FC87E /* RNFBTests.xctest */ = {isa = PBXFileReference; explicitFileType = wrapper.cfbundle; includeInIndex = 0; path = RNFBTests.xctest; sourceTree = BUILT_PRODUCTS_DIR; };
		00E356F11AD99517003FC87E /* Info.plist */ = {isa = PBXFileReference; lastKnownFileType = text.plist.xml; path = Info.plist; sourceTree = "<group>"; };
		00E356F21AD99517003FC87E /* RNFBTests.m */ = {isa = PBXFileReference; lastKnownFileType = sourcecode.c.objc; path = RNFBTests.m; sourceTree = "<group>"; };
		13B07F961A680F5B00A75B9A /* RNFB.app */ = {isa = PBXFileReference; explicitFileType = wrapper.application; includeInIndex = 0; path = RNFB.app; sourceTree = BUILT_PRODUCTS_DIR; };
		13B07FAF1A68108700A75B9A /* AppDelegate.h */ = {isa = PBXFileReference; fileEncoding = 4; lastKnownFileType = sourcecode.c.h; name = AppDelegate.h; path = RNFB/AppDelegate.h; sourceTree = "<group>"; };
		13B07FB01A68108700A75B9A /* AppDelegate.m */ = {isa = PBXFileReference; fileEncoding = 4; lastKnownFileType = sourcecode.c.objc; name = AppDelegate.m; path = RNFB/AppDelegate.m; sourceTree = "<group>"; };
		13B07FB51A68108700A75B9A /* Images.xcassets */ = {isa = PBXFileReference; lastKnownFileType = folder.assetcatalog; name = Images.xcassets; path = RNFB/Images.xcassets; sourceTree = "<group>"; };
		13B07FB61A68108700A75B9A /* Info.plist */ = {isa = PBXFileReference; fileEncoding = 4; lastKnownFileType = text.plist.xml; name = Info.plist; path = RNFB/Info.plist; sourceTree = "<group>"; };
		13B07FB71A68108700A75B9A /* main.m */ = {isa = PBXFileReference; fileEncoding = 4; lastKnownFileType = sourcecode.c.objc; name = main.m; path = RNFB/main.m; sourceTree = "<group>"; };
		3CBD78B26DC797CAF5C817EC /* Pods-RNFB.release.xcconfig */ = {isa = PBXFileReference; includeInIndex = 1; lastKnownFileType = text.xcconfig; name = "Pods-RNFB.release.xcconfig"; path = "Target Support Files/Pods-RNFB/Pods-RNFB.release.xcconfig"; sourceTree = "<group>"; };
		3DABCE3694B55E9209B370BA /* Pods-RNFB-RNFBTests.debug.xcconfig */ = {isa = PBXFileReference; includeInIndex = 1; lastKnownFileType = text.xcconfig; name = "Pods-RNFB-RNFBTests.debug.xcconfig"; path = "Target Support Files/Pods-RNFB-RNFBTests/Pods-RNFB-RNFBTests.debug.xcconfig"; sourceTree = "<group>"; };
		66264C2940F9660E7998E252 /* libPods-RNFB.a */ = {isa = PBXFileReference; explicitFileType = archive.ar; includeInIndex = 0; path = "libPods-RNFB.a"; sourceTree = BUILT_PRODUCTS_DIR; };
		6CF229AAC9C3CABFF170BB64 /* Pods-RNFB-RNFBTests.release.xcconfig */ = {isa = PBXFileReference; includeInIndex = 1; lastKnownFileType = text.xcconfig; name = "Pods-RNFB-RNFBTests.release.xcconfig"; path = "Target Support Files/Pods-RNFB-RNFBTests/Pods-RNFB-RNFBTests.release.xcconfig"; sourceTree = "<group>"; };
		81AB9BB72411601600AC10FF /* LaunchScreen.storyboard */ = {isa = PBXFileReference; fileEncoding = 4; lastKnownFileType = file.storyboard; name = LaunchScreen.storyboard; path = RNFB/LaunchScreen.storyboard; sourceTree = "<group>"; };
		8A552EB77D52E25E7E53CF80 /* Pods-RNFB.debug.xcconfig */ = {isa = PBXFileReference; includeInIndex = 1; lastKnownFileType = text.xcconfig; name = "Pods-RNFB.debug.xcconfig"; path = "Target Support Files/Pods-RNFB/Pods-RNFB.debug.xcconfig"; sourceTree = "<group>"; };
		8E06FC30F02C646EC8C9C19E /* libPods-RNFB-RNFBTests.a */ = {isa = PBXFileReference; explicitFileType = archive.ar; includeInIndex = 0; path = "libPods-RNFB-RNFBTests.a"; sourceTree = BUILT_PRODUCTS_DIR; };
		ED297162215061F000B7C4FE /* JavaScriptCore.framework */ = {isa = PBXFileReference; lastKnownFileType = wrapper.framework; name = JavaScriptCore.framework; path = System/Library/Frameworks/JavaScriptCore.framework; sourceTree = SDKROOT; };
		AC0E4453B7A3455F9794396E /* AntDesign.ttf */ = {isa = PBXFileReference; name = "AntDesign.ttf"; path = "../node_modules/react-native-vector-icons/Fonts/AntDesign.ttf"; sourceTree = "<group>"; fileEncoding = undefined; lastKnownFileType = unknown; explicitFileType = undefined; includeInIndex = 0; };
		9FA25A4166EA4517A96AFD70 /* Entypo.ttf */ = {isa = PBXFileReference; name = "Entypo.ttf"; path = "../node_modules/react-native-vector-icons/Fonts/Entypo.ttf"; sourceTree = "<group>"; fileEncoding = undefined; lastKnownFileType = unknown; explicitFileType = undefined; includeInIndex = 0; };
		6F3DDFE3FE4E495B80F394AF /* EvilIcons.ttf */ = {isa = PBXFileReference; name = "EvilIcons.ttf"; path = "../node_modules/react-native-vector-icons/Fonts/EvilIcons.ttf"; sourceTree = "<group>"; fileEncoding = undefined; lastKnownFileType = unknown; explicitFileType = undefined; includeInIndex = 0; };
		5314B102C9A24372865997B5 /* Feather.ttf */ = {isa = PBXFileReference; name = "Feather.ttf"; path = "../node_modules/react-native-vector-icons/Fonts/Feather.ttf"; sourceTree = "<group>"; fileEncoding = undefined; lastKnownFileType = unknown; explicitFileType = undefined; includeInIndex = 0; };
		25B0EAA858B8451798D766C2 /* FontAwesome.ttf */ = {isa = PBXFileReference; name = "FontAwesome.ttf"; path = "../node_modules/react-native-vector-icons/Fonts/FontAwesome.ttf"; sourceTree = "<group>"; fileEncoding = undefined; lastKnownFileType = unknown; explicitFileType = undefined; includeInIndex = 0; };
		4D857999E27242899F0E4AFA /* FontAwesome5_Brands.ttf */ = {isa = PBXFileReference; name = "FontAwesome5_Brands.ttf"; path = "../node_modules/react-native-vector-icons/Fonts/FontAwesome5_Brands.ttf"; sourceTree = "<group>"; fileEncoding = undefined; lastKnownFileType = unknown; explicitFileType = undefined; includeInIndex = 0; };
		3F9A51691480450A95DE9462 /* FontAwesome5_Regular.ttf */ = {isa = PBXFileReference; name = "FontAwesome5_Regular.ttf"; path = "../node_modules/react-native-vector-icons/Fonts/FontAwesome5_Regular.ttf"; sourceTree = "<group>"; fileEncoding = undefined; lastKnownFileType = unknown; explicitFileType = undefined; includeInIndex = 0; };
		D7BAAED96BB243DA9FFDAF51 /* FontAwesome5_Solid.ttf */ = {isa = PBXFileReference; name = "FontAwesome5_Solid.ttf"; path = "../node_modules/react-native-vector-icons/Fonts/FontAwesome5_Solid.ttf"; sourceTree = "<group>"; fileEncoding = undefined; lastKnownFileType = unknown; explicitFileType = undefined; includeInIndex = 0; };
		77A4BFF236744C47AF63B6CE /* Fontisto.ttf */ = {isa = PBXFileReference; name = "Fontisto.ttf"; path = "../node_modules/react-native-vector-icons/Fonts/Fontisto.ttf"; sourceTree = "<group>"; fileEncoding = undefined; lastKnownFileType = unknown; explicitFileType = undefined; includeInIndex = 0; };
		C80BC984B0C148B8BDDDD140 /* Foundation.ttf */ = {isa = PBXFileReference; name = "Foundation.ttf"; path = "../node_modules/react-native-vector-icons/Fonts/Foundation.ttf"; sourceTree = "<group>"; fileEncoding = undefined; lastKnownFileType = unknown; explicitFileType = undefined; includeInIndex = 0; };
		CE814B5CE0F540A9994FD74A /* Ionicons.ttf */ = {isa = PBXFileReference; name = "Ionicons.ttf"; path = "../node_modules/react-native-vector-icons/Fonts/Ionicons.ttf"; sourceTree = "<group>"; fileEncoding = undefined; lastKnownFileType = unknown; explicitFileType = undefined; includeInIndex = 0; };
		7F8C450045564A3C888391E1 /* MaterialCommunityIcons.ttf */ = {isa = PBXFileReference; name = "MaterialCommunityIcons.ttf"; path = "../node_modules/react-native-vector-icons/Fonts/MaterialCommunityIcons.ttf"; sourceTree = "<group>"; fileEncoding = undefined; lastKnownFileType = unknown; explicitFileType = undefined; includeInIndex = 0; };
		5A3D5BFD8C4048009A62BF4B /* MaterialIcons.ttf */ = {isa = PBXFileReference; name = "MaterialIcons.ttf"; path = "../node_modules/react-native-vector-icons/Fonts/MaterialIcons.ttf"; sourceTree = "<group>"; fileEncoding = undefined; lastKnownFileType = unknown; explicitFileType = undefined; includeInIndex = 0; };
		30E0A47F98914857BEEA07F2 /* Octicons.ttf */ = {isa = PBXFileReference; name = "Octicons.ttf"; path = "../node_modules/react-native-vector-icons/Fonts/Octicons.ttf"; sourceTree = "<group>"; fileEncoding = undefined; lastKnownFileType = unknown; explicitFileType = undefined; includeInIndex = 0; };
		2E31D2615AC34F308A19F81E /* SimpleLineIcons.ttf */ = {isa = PBXFileReference; name = "SimpleLineIcons.ttf"; path = "../node_modules/react-native-vector-icons/Fonts/SimpleLineIcons.ttf"; sourceTree = "<group>"; fileEncoding = undefined; lastKnownFileType = unknown; explicitFileType = undefined; includeInIndex = 0; };
		F7E064659EC6403582E02867 /* Zocial.ttf */ = {isa = PBXFileReference; name = "Zocial.ttf"; path = "../node_modules/react-native-vector-icons/Fonts/Zocial.ttf"; sourceTree = "<group>"; fileEncoding = undefined; lastKnownFileType = unknown; explicitFileType = undefined; includeInIndex = 0; };
		46420285B1D14F2A8223BB3E /* FrankRuhlLibre-Black.ttf */ = {isa = PBXFileReference; name = "FrankRuhlLibre-Black.ttf"; path = "../src/assets/fonts/FrankRuhlLibre-Black.ttf"; sourceTree = "<group>"; fileEncoding = undefined; lastKnownFileType = unknown; explicitFileType = undefined; includeInIndex = 0; };
		28670D9D989740839DEDF993 /* FrankRuhlLibre-Bold.ttf */ = {isa = PBXFileReference; name = "FrankRuhlLibre-Bold.ttf"; path = "../src/assets/fonts/FrankRuhlLibre-Bold.ttf"; sourceTree = "<group>"; fileEncoding = undefined; lastKnownFileType = unknown; explicitFileType = undefined; includeInIndex = 0; };
		D6A8CCA81BE5414592459974 /* FrankRuhlLibre-Light.ttf */ = {isa = PBXFileReference; name = "FrankRuhlLibre-Light.ttf"; path = "../src/assets/fonts/FrankRuhlLibre-Light.ttf"; sourceTree = "<group>"; fileEncoding = undefined; lastKnownFileType = unknown; explicitFileType = undefined; includeInIndex = 0; };
		7E46E82AED494677929E0BD6 /* FrankRuhlLibre-Medium.ttf */ = {isa = PBXFileReference; name = "FrankRuhlLibre-Medium.ttf"; path = "../src/assets/fonts/FrankRuhlLibre-Medium.ttf"; sourceTree = "<group>"; fileEncoding = undefined; lastKnownFileType = unknown; explicitFileType = undefined; includeInIndex = 0; };
		FC365868BED04EC2A1E6FC55 /* FrankRuhlLibre-Regular.ttf */ = {isa = PBXFileReference; name = "FrankRuhlLibre-Regular.ttf"; path = "../src/assets/fonts/FrankRuhlLibre-Regular.ttf"; sourceTree = "<group>"; fileEncoding = undefined; lastKnownFileType = unknown; explicitFileType = undefined; includeInIndex = 0; };
		70DEBCFE9AAF41E48539E7BB /* GowunBatang-Bold.ttf */ = {isa = PBXFileReference; name = "GowunBatang-Bold.ttf"; path = "../src/assets/fonts/GowunBatang-Bold.ttf"; sourceTree = "<group>"; fileEncoding = undefined; lastKnownFileType = unknown; explicitFileType = undefined; includeInIndex = 0; };
		05061908E63E46C1B32972B9 /* GowunBatang-Regular.ttf */ = {isa = PBXFileReference; name = "GowunBatang-Regular.ttf"; path = "../src/assets/fonts/GowunBatang-Regular.ttf"; sourceTree = "<group>"; fileEncoding = undefined; lastKnownFileType = unknown; explicitFileType = undefined; includeInIndex = 0; };
		DBE84E9A7AD346728F77DCDC /* AntDesign.ttf */ = {isa = PBXFileReference; name = "AntDesign.ttf"; path = "../android/app/src/main/assets/fonts/AntDesign.ttf"; sourceTree = "<group>"; fileEncoding = undefined; lastKnownFileType = unknown; explicitFileType = undefined; includeInIndex = 0; };
		363766B48C9C4BFEB96D322A /* Entypo.ttf */ = {isa = PBXFileReference; name = "Entypo.ttf"; path = "../android/app/src/main/assets/fonts/Entypo.ttf"; sourceTree = "<group>"; fileEncoding = undefined; lastKnownFileType = unknown; explicitFileType = undefined; includeInIndex = 0; };
		42F1882D22604C9F9BC1845C /* EvilIcons.ttf */ = {isa = PBXFileReference; name = "EvilIcons.ttf"; path = "../android/app/src/main/assets/fonts/EvilIcons.ttf"; sourceTree = "<group>"; fileEncoding = undefined; lastKnownFileType = unknown; explicitFileType = undefined; includeInIndex = 0; };
		9E3AAA03D49740C7A88FB917 /* Feather.ttf */ = {isa = PBXFileReference; name = "Feather.ttf"; path = "../android/app/src/main/assets/fonts/Feather.ttf"; sourceTree = "<group>"; fileEncoding = undefined; lastKnownFileType = unknown; explicitFileType = undefined; includeInIndex = 0; };
		AC4B15860996403D93593803 /* FontAwesome.ttf */ = {isa = PBXFileReference; name = "FontAwesome.ttf"; path = "../android/app/src/main/assets/fonts/FontAwesome.ttf"; sourceTree = "<group>"; fileEncoding = undefined; lastKnownFileType = unknown; explicitFileType = undefined; includeInIndex = 0; };
		90A610D9BB074DA2B2E48755 /* FontAwesome5_Brands.ttf */ = {isa = PBXFileReference; name = "FontAwesome5_Brands.ttf"; path = "../android/app/src/main/assets/fonts/FontAwesome5_Brands.ttf"; sourceTree = "<group>"; fileEncoding = undefined; lastKnownFileType = unknown; explicitFileType = undefined; includeInIndex = 0; };
		7F7E028A4DE34857B2063317 /* FontAwesome5_Regular.ttf */ = {isa = PBXFileReference; name = "FontAwesome5_Regular.ttf"; path = "../android/app/src/main/assets/fonts/FontAwesome5_Regular.ttf"; sourceTree = "<group>"; fileEncoding = undefined; lastKnownFileType = unknown; explicitFileType = undefined; includeInIndex = 0; };
		3C2A0C6D791B41EF91421A77 /* FontAwesome5_Solid.ttf */ = {isa = PBXFileReference; name = "FontAwesome5_Solid.ttf"; path = "../android/app/src/main/assets/fonts/FontAwesome5_Solid.ttf"; sourceTree = "<group>"; fileEncoding = undefined; lastKnownFileType = unknown; explicitFileType = undefined; includeInIndex = 0; };
		3400CED6576C416498701EB5 /* Fontisto.ttf */ = {isa = PBXFileReference; name = "Fontisto.ttf"; path = "../android/app/src/main/assets/fonts/Fontisto.ttf"; sourceTree = "<group>"; fileEncoding = undefined; lastKnownFileType = unknown; explicitFileType = undefined; includeInIndex = 0; };
		F39DD95DB2C242FE9BEBE6F6 /* Foundation.ttf */ = {isa = PBXFileReference; name = "Foundation.ttf"; path = "../android/app/src/main/assets/fonts/Foundation.ttf"; sourceTree = "<group>"; fileEncoding = undefined; lastKnownFileType = unknown; explicitFileType = undefined; includeInIndex = 0; };
		BE3C2E0B2C9E47DC89386DBB /* FrankRuhlLibre-Black.ttf */ = {isa = PBXFileReference; name = "FrankRuhlLibre-Black.ttf"; path = "../android/app/src/main/assets/fonts/FrankRuhlLibre-Black.ttf"; sourceTree = "<group>"; fileEncoding = undefined; lastKnownFileType = unknown; explicitFileType = undefined; includeInIndex = 0; };
		12863F4653DD46B79F4CA3AD /* FrankRuhlLibre-Bold.ttf */ = {isa = PBXFileReference; name = "FrankRuhlLibre-Bold.ttf"; path = "../android/app/src/main/assets/fonts/FrankRuhlLibre-Bold.ttf"; sourceTree = "<group>"; fileEncoding = undefined; lastKnownFileType = unknown; explicitFileType = undefined; includeInIndex = 0; };
		8FED12DAE3334E988693B76D /* FrankRuhlLibre-Light.ttf */ = {isa = PBXFileReference; name = "FrankRuhlLibre-Light.ttf"; path = "../android/app/src/main/assets/fonts/FrankRuhlLibre-Light.ttf"; sourceTree = "<group>"; fileEncoding = undefined; lastKnownFileType = unknown; explicitFileType = undefined; includeInIndex = 0; };
		7F908D8276D546E0A5BA09F6 /* FrankRuhlLibre-Medium.ttf */ = {isa = PBXFileReference; name = "FrankRuhlLibre-Medium.ttf"; path = "../android/app/src/main/assets/fonts/FrankRuhlLibre-Medium.ttf"; sourceTree = "<group>"; fileEncoding = undefined; lastKnownFileType = unknown; explicitFileType = undefined; includeInIndex = 0; };
		B1F2078282C14AD5BB496593 /* FrankRuhlLibre-Regular.ttf */ = {isa = PBXFileReference; name = "FrankRuhlLibre-Regular.ttf"; path = "../android/app/src/main/assets/fonts/FrankRuhlLibre-Regular.ttf"; sourceTree = "<group>"; fileEncoding = undefined; lastKnownFileType = unknown; explicitFileType = undefined; includeInIndex = 0; };
		6E1EA69488084470A553F1C9 /* GowunBatang-Bold.ttf */ = {isa = PBXFileReference; name = "GowunBatang-Bold.ttf"; path = "../android/app/src/main/assets/fonts/GowunBatang-Bold.ttf"; sourceTree = "<group>"; fileEncoding = undefined; lastKnownFileType = unknown; explicitFileType = undefined; includeInIndex = 0; };
		274E29A2515345AFBAB3E024 /* GowunBatang-Regular.ttf */ = {isa = PBXFileReference; name = "GowunBatang-Regular.ttf"; path = "../android/app/src/main/assets/fonts/GowunBatang-Regular.ttf"; sourceTree = "<group>"; fileEncoding = undefined; lastKnownFileType = unknown; explicitFileType = undefined; includeInIndex = 0; };
		53EEF1C2305D4EB7BDFA5833 /* Ionicons.ttf */ = {isa = PBXFileReference; name = "Ionicons.ttf"; path = "../android/app/src/main/assets/fonts/Ionicons.ttf"; sourceTree = "<group>"; fileEncoding = undefined; lastKnownFileType = unknown; explicitFileType = undefined; includeInIndex = 0; };
		4A050C779A184D4999A93FA3 /* MaterialCommunityIcons.ttf */ = {isa = PBXFileReference; name = "MaterialCommunityIcons.ttf"; path = "../android/app/src/main/assets/fonts/MaterialCommunityIcons.ttf"; sourceTree = "<group>"; fileEncoding = undefined; lastKnownFileType = unknown; explicitFileType = undefined; includeInIndex = 0; };
		A3452755EE8D44C6A5511593 /* MaterialIcons.ttf */ = {isa = PBXFileReference; name = "MaterialIcons.ttf"; path = "../android/app/src/main/assets/fonts/MaterialIcons.ttf"; sourceTree = "<group>"; fileEncoding = undefined; lastKnownFileType = unknown; explicitFileType = undefined; includeInIndex = 0; };
		3F13F2479C7443CFB217B9FA /* Octicons.ttf */ = {isa = PBXFileReference; name = "Octicons.ttf"; path = "../android/app/src/main/assets/fonts/Octicons.ttf"; sourceTree = "<group>"; fileEncoding = undefined; lastKnownFileType = unknown; explicitFileType = undefined; includeInIndex = 0; };
		CE1688EB95A64B3C984A2186 /* SimpleLineIcons.ttf */ = {isa = PBXFileReference; name = "SimpleLineIcons.ttf"; path = "../android/app/src/main/assets/fonts/SimpleLineIcons.ttf"; sourceTree = "<group>"; fileEncoding = undefined; lastKnownFileType = unknown; explicitFileType = undefined; includeInIndex = 0; };
		1E4B7981F27048F293F9BA15 /* Zocial.ttf */ = {isa = PBXFileReference; name = "Zocial.ttf"; path = "../android/app/src/main/assets/fonts/Zocial.ttf"; sourceTree = "<group>"; fileEncoding = undefined; lastKnownFileType = unknown; explicitFileType = undefined; includeInIndex = 0; };
		1121E2D12265499BBE0731F7 /* IBMPlexSansKR-Bold.ttf */ = {isa = PBXFileReference; name = "IBMPlexSansKR-Bold.ttf"; path = "../android/app/src/main/assets/fonts/IBMPlexSansKR-Bold.ttf"; sourceTree = "<group>"; fileEncoding = undefined; lastKnownFileType = unknown; explicitFileType = undefined; includeInIndex = 0; };
		B33A4CECFFDD451A8B8300EF /* IBMPlexSansKR-ExtraLight.ttf */ = {isa = PBXFileReference; name = "IBMPlexSansKR-ExtraLight.ttf"; path = "../android/app/src/main/assets/fonts/IBMPlexSansKR-ExtraLight.ttf"; sourceTree = "<group>"; fileEncoding = undefined; lastKnownFileType = unknown; explicitFileType = undefined; includeInIndex = 0; };
		6FFC411BA46B4FFDA2A0996E /* IBMPlexSansKR-Light.ttf */ = {isa = PBXFileReference; name = "IBMPlexSansKR-Light.ttf"; path = "../android/app/src/main/assets/fonts/IBMPlexSansKR-Light.ttf"; sourceTree = "<group>"; fileEncoding = undefined; lastKnownFileType = unknown; explicitFileType = undefined; includeInIndex = 0; };
		9CA51BBCCC644D4695557F89 /* IBMPlexSansKR-Medium.ttf */ = {isa = PBXFileReference; name = "IBMPlexSansKR-Medium.ttf"; path = "../android/app/src/main/assets/fonts/IBMPlexSansKR-Medium.ttf"; sourceTree = "<group>"; fileEncoding = undefined; lastKnownFileType = unknown; explicitFileType = undefined; includeInIndex = 0; };
		BC72E387B0854C61AE560D95 /* IBMPlexSansKR-Regular.ttf */ = {isa = PBXFileReference; name = "IBMPlexSansKR-Regular.ttf"; path = "../android/app/src/main/assets/fonts/IBMPlexSansKR-Regular.ttf"; sourceTree = "<group>"; fileEncoding = undefined; lastKnownFileType = unknown; explicitFileType = undefined; includeInIndex = 0; };
		4CDA9A2C50E24F0ABA769D90 /* IBMPlexSansKR-SemiBold.ttf */ = {isa = PBXFileReference; name = "IBMPlexSansKR-SemiBold.ttf"; path = "../android/app/src/main/assets/fonts/IBMPlexSansKR-SemiBold.ttf"; sourceTree = "<group>"; fileEncoding = undefined; lastKnownFileType = unknown; explicitFileType = undefined; includeInIndex = 0; };
		BD1741D15ECB4E4FB097AA2D /* IBMPlexSansKR-Thin.ttf */ = {isa = PBXFileReference; name = "IBMPlexSansKR-Thin.ttf"; path = "../android/app/src/main/assets/fonts/IBMPlexSansKR-Thin.ttf"; sourceTree = "<group>"; fileEncoding = undefined; lastKnownFileType = unknown; explicitFileType = undefined; includeInIndex = 0; };
		6C1DABBB23074EB0BC3275AA /* IBMPlexSansKR-Bold.ttf */ = {isa = PBXFileReference; name = "IBMPlexSansKR-Bold.ttf"; path = "../src/assets/fonts/IBMPlexSansKR-Bold.ttf"; sourceTree = "<group>"; fileEncoding = undefined; lastKnownFileType = unknown; explicitFileType = undefined; includeInIndex = 0; };
		72B6A6FFEFED45448102E526 /* IBMPlexSansKR-ExtraLight.ttf */ = {isa = PBXFileReference; name = "IBMPlexSansKR-ExtraLight.ttf"; path = "../src/assets/fonts/IBMPlexSansKR-ExtraLight.ttf"; sourceTree = "<group>"; fileEncoding = undefined; lastKnownFileType = unknown; explicitFileType = undefined; includeInIndex = 0; };
		379B11602E8A4140B935A0E4 /* IBMPlexSansKR-Light.ttf */ = {isa = PBXFileReference; name = "IBMPlexSansKR-Light.ttf"; path = "../src/assets/fonts/IBMPlexSansKR-Light.ttf"; sourceTree = "<group>"; fileEncoding = undefined; lastKnownFileType = unknown; explicitFileType = undefined; includeInIndex = 0; };
		88440AB36B7E41AFB34F8EAD /* IBMPlexSansKR-Medium.ttf */ = {isa = PBXFileReference; name = "IBMPlexSansKR-Medium.ttf"; path = "../src/assets/fonts/IBMPlexSansKR-Medium.ttf"; sourceTree = "<group>"; fileEncoding = undefined; lastKnownFileType = unknown; explicitFileType = undefined; includeInIndex = 0; };
		8175FA4D4BB64BE7BD9ACA01 /* IBMPlexSansKR-Regular.ttf */ = {isa = PBXFileReference; name = "IBMPlexSansKR-Regular.ttf"; path = "../src/assets/fonts/IBMPlexSansKR-Regular.ttf"; sourceTree = "<group>"; fileEncoding = undefined; lastKnownFileType = unknown; explicitFileType = undefined; includeInIndex = 0; };
		9895970A17834701AF4EC33D /* IBMPlexSansKR-SemiBold.ttf */ = {isa = PBXFileReference; name = "IBMPlexSansKR-SemiBold.ttf"; path = "../src/assets/fonts/IBMPlexSansKR-SemiBold.ttf"; sourceTree = "<group>"; fileEncoding = undefined; lastKnownFileType = unknown; explicitFileType = undefined; includeInIndex = 0; };
		7B84F1D33A2844C48BF8F9EE /* IBMPlexSansKR-Thin.ttf */ = {isa = PBXFileReference; name = "IBMPlexSansKR-Thin.ttf"; path = "../src/assets/fonts/IBMPlexSansKR-Thin.ttf"; sourceTree = "<group>"; fileEncoding = undefined; lastKnownFileType = unknown; explicitFileType = undefined; includeInIndex = 0; };
/* End PBXFileReference section */

/* Begin PBXFrameworksBuildPhase section */
		00E356EB1AD99517003FC87E /* Frameworks */ = {
			isa = PBXFrameworksBuildPhase;
			buildActionMask = 2147483647;
			files = (
				1C74FC36ADDBDBCFC4A629A4 /* libPods-RNFB-RNFBTests.a in Frameworks */,
			);
			runOnlyForDeploymentPostprocessing = 0;
		};
		13B07F8C1A680F5B00A75B9A /* Frameworks */ = {
			isa = PBXFrameworksBuildPhase;
			buildActionMask = 2147483647;
			files = (
				4F297132654364065C47D01A /* libPods-RNFB.a in Frameworks */,
			);
			runOnlyForDeploymentPostprocessing = 0;
		};
/* End PBXFrameworksBuildPhase section */

/* Begin PBXGroup section */
		00E356EF1AD99517003FC87E /* RNFBTests */ = {
			isa = PBXGroup;
			children = (
				00E356F21AD99517003FC87E /* RNFBTests.m */,
				00E356F01AD99517003FC87E /* Supporting Files */,
			);
			path = RNFBTests;
			sourceTree = "<group>";
		};
		00E356F01AD99517003FC87E /* Supporting Files */ = {
			isa = PBXGroup;
			children = (
				00E356F11AD99517003FC87E /* Info.plist */,
			);
			name = "Supporting Files";
			sourceTree = "<group>";
		};
		13B07FAE1A68108700A75B9A /* RNFB */ = {
			isa = PBXGroup;
			children = (
				13B07FAF1A68108700A75B9A /* AppDelegate.h */,
				13B07FB01A68108700A75B9A /* AppDelegate.m */,
				13B07FB51A68108700A75B9A /* Images.xcassets */,
				13B07FB61A68108700A75B9A /* Info.plist */,
				81AB9BB72411601600AC10FF /* LaunchScreen.storyboard */,
				13B07FB71A68108700A75B9A /* main.m */,
			);
			name = RNFB;
			sourceTree = "<group>";
		};
		2D16E6871FA4F8E400B85C8A /* Frameworks */ = {
			isa = PBXGroup;
			children = (
				ED297162215061F000B7C4FE /* JavaScriptCore.framework */,
				66264C2940F9660E7998E252 /* libPods-RNFB.a */,
				8E06FC30F02C646EC8C9C19E /* libPods-RNFB-RNFBTests.a */,
			);
			name = Frameworks;
			sourceTree = "<group>";
		};
		832341AE1AAA6A7D00B99B32 /* Libraries */ = {
			isa = PBXGroup;
			children = (
			);
			name = Libraries;
			sourceTree = "<group>";
		};
		83CBB9F61A601CBA00E9B192 = {
			isa = PBXGroup;
			children = (
				13B07FAE1A68108700A75B9A /* RNFB */,
				832341AE1AAA6A7D00B99B32 /* Libraries */,
				00E356EF1AD99517003FC87E /* RNFBTests */,
				83CBBA001A601CBA00E9B192 /* Products */,
				2D16E6871FA4F8E400B85C8A /* Frameworks */,
				A375E775D0B53CB623613BEF /* Pods */,
				18FCBE6AC705488F8052D0EC /* Resources */,
			);
			indentWidth = 2;
			sourceTree = "<group>";
			tabWidth = 2;
			usesTabs = 0;
		};
		83CBBA001A601CBA00E9B192 /* Products */ = {
			isa = PBXGroup;
			children = (
				13B07F961A680F5B00A75B9A /* RNFB.app */,
				00E356EE1AD99517003FC87E /* RNFBTests.xctest */,
			);
			name = Products;
			sourceTree = "<group>";
		};
		A375E775D0B53CB623613BEF /* Pods */ = {
			isa = PBXGroup;
			children = (
				8A552EB77D52E25E7E53CF80 /* Pods-RNFB.debug.xcconfig */,
				3CBD78B26DC797CAF5C817EC /* Pods-RNFB.release.xcconfig */,
				3DABCE3694B55E9209B370BA /* Pods-RNFB-RNFBTests.debug.xcconfig */,
				6CF229AAC9C3CABFF170BB64 /* Pods-RNFB-RNFBTests.release.xcconfig */,
			);
			name = Pods;
			path = Pods;
			sourceTree = "<group>";
		};
		18FCBE6AC705488F8052D0EC /* Resources */ = {
			isa = "PBXGroup";
			children = (
				AC0E4453B7A3455F9794396E /* AntDesign.ttf */,
				9FA25A4166EA4517A96AFD70 /* Entypo.ttf */,
				6F3DDFE3FE4E495B80F394AF /* EvilIcons.ttf */,
				5314B102C9A24372865997B5 /* Feather.ttf */,
				25B0EAA858B8451798D766C2 /* FontAwesome.ttf */,
				4D857999E27242899F0E4AFA /* FontAwesome5_Brands.ttf */,
				3F9A51691480450A95DE9462 /* FontAwesome5_Regular.ttf */,
				D7BAAED96BB243DA9FFDAF51 /* FontAwesome5_Solid.ttf */,
				77A4BFF236744C47AF63B6CE /* Fontisto.ttf */,
				C80BC984B0C148B8BDDDD140 /* Foundation.ttf */,
				CE814B5CE0F540A9994FD74A /* Ionicons.ttf */,
				7F8C450045564A3C888391E1 /* MaterialCommunityIcons.ttf */,
				5A3D5BFD8C4048009A62BF4B /* MaterialIcons.ttf */,
				30E0A47F98914857BEEA07F2 /* Octicons.ttf */,
				2E31D2615AC34F308A19F81E /* SimpleLineIcons.ttf */,
				F7E064659EC6403582E02867 /* Zocial.ttf */,
				46420285B1D14F2A8223BB3E /* FrankRuhlLibre-Black.ttf */,
				28670D9D989740839DEDF993 /* FrankRuhlLibre-Bold.ttf */,
				D6A8CCA81BE5414592459974 /* FrankRuhlLibre-Light.ttf */,
				7E46E82AED494677929E0BD6 /* FrankRuhlLibre-Medium.ttf */,
				FC365868BED04EC2A1E6FC55 /* FrankRuhlLibre-Regular.ttf */,
				70DEBCFE9AAF41E48539E7BB /* GowunBatang-Bold.ttf */,
				05061908E63E46C1B32972B9 /* GowunBatang-Regular.ttf */,
				DBE84E9A7AD346728F77DCDC /* AntDesign.ttf */,
				363766B48C9C4BFEB96D322A /* Entypo.ttf */,
				42F1882D22604C9F9BC1845C /* EvilIcons.ttf */,
				9E3AAA03D49740C7A88FB917 /* Feather.ttf */,
				AC4B15860996403D93593803 /* FontAwesome.ttf */,
				90A610D9BB074DA2B2E48755 /* FontAwesome5_Brands.ttf */,
				7F7E028A4DE34857B2063317 /* FontAwesome5_Regular.ttf */,
				3C2A0C6D791B41EF91421A77 /* FontAwesome5_Solid.ttf */,
				3400CED6576C416498701EB5 /* Fontisto.ttf */,
				F39DD95DB2C242FE9BEBE6F6 /* Foundation.ttf */,
				BE3C2E0B2C9E47DC89386DBB /* FrankRuhlLibre-Black.ttf */,
				12863F4653DD46B79F4CA3AD /* FrankRuhlLibre-Bold.ttf */,
				8FED12DAE3334E988693B76D /* FrankRuhlLibre-Light.ttf */,
				7F908D8276D546E0A5BA09F6 /* FrankRuhlLibre-Medium.ttf */,
				B1F2078282C14AD5BB496593 /* FrankRuhlLibre-Regular.ttf */,
				6E1EA69488084470A553F1C9 /* GowunBatang-Bold.ttf */,
				274E29A2515345AFBAB3E024 /* GowunBatang-Regular.ttf */,
				53EEF1C2305D4EB7BDFA5833 /* Ionicons.ttf */,
				4A050C779A184D4999A93FA3 /* MaterialCommunityIcons.ttf */,
				A3452755EE8D44C6A5511593 /* MaterialIcons.ttf */,
				3F13F2479C7443CFB217B9FA /* Octicons.ttf */,
				CE1688EB95A64B3C984A2186 /* SimpleLineIcons.ttf */,
				1E4B7981F27048F293F9BA15 /* Zocial.ttf */,
				1121E2D12265499BBE0731F7 /* IBMPlexSansKR-Bold.ttf */,
				B33A4CECFFDD451A8B8300EF /* IBMPlexSansKR-ExtraLight.ttf */,
				6FFC411BA46B4FFDA2A0996E /* IBMPlexSansKR-Light.ttf */,
				9CA51BBCCC644D4695557F89 /* IBMPlexSansKR-Medium.ttf */,
				BC72E387B0854C61AE560D95 /* IBMPlexSansKR-Regular.ttf */,
				4CDA9A2C50E24F0ABA769D90 /* IBMPlexSansKR-SemiBold.ttf */,
				BD1741D15ECB4E4FB097AA2D /* IBMPlexSansKR-Thin.ttf */,
				6C1DABBB23074EB0BC3275AA /* IBMPlexSansKR-Bold.ttf */,
				72B6A6FFEFED45448102E526 /* IBMPlexSansKR-ExtraLight.ttf */,
				379B11602E8A4140B935A0E4 /* IBMPlexSansKR-Light.ttf */,
				88440AB36B7E41AFB34F8EAD /* IBMPlexSansKR-Medium.ttf */,
				8175FA4D4BB64BE7BD9ACA01 /* IBMPlexSansKR-Regular.ttf */,
				9895970A17834701AF4EC33D /* IBMPlexSansKR-SemiBold.ttf */,
				7B84F1D33A2844C48BF8F9EE /* IBMPlexSansKR-Thin.ttf */,
			);
			name = Resources;
			sourceTree = "<group>";
			path = "";
		};
/* End PBXGroup section */

/* Begin PBXNativeTarget section */
		00E356ED1AD99517003FC87E /* RNFBTests */ = {
			isa = PBXNativeTarget;
			buildConfigurationList = 00E357021AD99517003FC87E /* Build configuration list for PBXNativeTarget "RNFBTests" */;
			buildPhases = (
				E555AAEE9D15517120CA4EF1 /* [CP] Check Pods Manifest.lock */,
				00E356EA1AD99517003FC87E /* Sources */,
				00E356EB1AD99517003FC87E /* Frameworks */,
				00E356EC1AD99517003FC87E /* Resources */,
				6A143532452B1C1DCBDC6319 /* [CP] Embed Pods Frameworks */,
				34FE3DD54AD45152941F44B7 /* [CP] Copy Pods Resources */,
			);
			buildRules = (
			);
			dependencies = (
				00E356F51AD99517003FC87E /* PBXTargetDependency */,
			);
			name = RNFBTests;
			productName = RNFBTests;
			productReference = 00E356EE1AD99517003FC87E /* RNFBTests.xctest */;
			productType = "com.apple.product-type.bundle.unit-test";
		};
		13B07F861A680F5B00A75B9A /* RNFB */ = {
			isa = PBXNativeTarget;
			buildConfigurationList = 13B07F931A680F5B00A75B9A /* Build configuration list for PBXNativeTarget "RNFB" */;
			buildPhases = (
				BDE75DFF3CA0B6D8C7320B9C /* [CP] Check Pods Manifest.lock */,
				FD10A7F022414F080027D42C /* Start Packager */,
				13B07F871A680F5B00A75B9A /* Sources */,
				13B07F8C1A680F5B00A75B9A /* Frameworks */,
				13B07F8E1A680F5B00A75B9A /* Resources */,
				00DD1BFF1BD5951E006B06BC /* Bundle React Native code and images */,
				97DA37D4D4AC1579C189FA91 /* [CP] Embed Pods Frameworks */,
				CFFFCBC6DD17485FDEEA4CE2 /* [CP] Copy Pods Resources */,
			);
			buildRules = (
			);
			dependencies = (
			);
			name = RNFB;
			productName = RNFB;
			productReference = 13B07F961A680F5B00A75B9A /* RNFB.app */;
			productType = "com.apple.product-type.application";
		};
/* End PBXNativeTarget section */

/* Begin PBXProject section */
		83CBB9F71A601CBA00E9B192 /* Project object */ = {
			isa = PBXProject;
			attributes = {
				LastUpgradeCheck = 1210;
				TargetAttributes = {
					00E356ED1AD99517003FC87E = {
						CreatedOnToolsVersion = 6.2;
						TestTargetID = 13B07F861A680F5B00A75B9A;
					};
					13B07F861A680F5B00A75B9A = {
						LastSwiftMigration = 1120;
					};
				};
			};
			buildConfigurationList = 83CBB9FA1A601CBA00E9B192 /* Build configuration list for PBXProject "RNFB" */;
			compatibilityVersion = "Xcode 12.0";
			developmentRegion = en;
			hasScannedForEncodings = 0;
			knownRegions = (
				en,
				Base,
			);
			mainGroup = 83CBB9F61A601CBA00E9B192;
			productRefGroup = 83CBBA001A601CBA00E9B192 /* Products */;
			projectDirPath = "";
			projectRoot = "";
			targets = (
				13B07F861A680F5B00A75B9A /* RNFB */,
				00E356ED1AD99517003FC87E /* RNFBTests */,
			);
		};
/* End PBXProject section */

/* Begin PBXResourcesBuildPhase section */
		00E356EC1AD99517003FC87E /* Resources */ = {
			isa = PBXResourcesBuildPhase;
			buildActionMask = 2147483647;
			files = (
			);
			runOnlyForDeploymentPostprocessing = 0;
		};
		13B07F8E1A680F5B00A75B9A /* Resources */ = {
			isa = PBXResourcesBuildPhase;
			buildActionMask = 2147483647;
			files = (
				81AB9BB82411601600AC10FF /* LaunchScreen.storyboard in Resources */,
				13B07FBF1A68108700A75B9A /* Images.xcassets in Resources */,
				74F930C610624F4F86AFE1A9 /* AntDesign.ttf in Resources */,
				264EBC763A894E7FBD5FDB45 /* Entypo.ttf in Resources */,
				E317E9759D344D5681A91D10 /* EvilIcons.ttf in Resources */,
				0302732206AD496CA30C56E1 /* Feather.ttf in Resources */,
				616C006498FC46708F9FCF4C /* FontAwesome.ttf in Resources */,
				D885B1A1A08A4B279B48C42D /* FontAwesome5_Brands.ttf in Resources */,
				6A4F136D397D44F8BCEAE8AD /* FontAwesome5_Regular.ttf in Resources */,
				110FD85A1D1F4D3E97BE3DEC /* FontAwesome5_Solid.ttf in Resources */,
				80B9EB533B074EB98B36EB13 /* Fontisto.ttf in Resources */,
				1E9D0D1397D24C888886F344 /* Foundation.ttf in Resources */,
				C730C091952142AE9741EE89 /* Ionicons.ttf in Resources */,
				42D7E3849802488DBC10B78F /* MaterialCommunityIcons.ttf in Resources */,
				EE44B08206494F07A9DDD66B /* MaterialIcons.ttf in Resources */,
				AB58F9125B2343F88C9C4019 /* Octicons.ttf in Resources */,
				3325A25153CB49DA965E1A44 /* SimpleLineIcons.ttf in Resources */,
				32E0C722C4AF4D48B7FE23F9 /* Zocial.ttf in Resources */,
				AABAF2A1BF4B4F768067E96D /* FrankRuhlLibre-Black.ttf in Resources */,
				BD8C0F15B44D4382BEF34A90 /* FrankRuhlLibre-Bold.ttf in Resources */,
				94B6452DC6984AF0BF48DFDE /* FrankRuhlLibre-Light.ttf in Resources */,
				F065368B633B42DAAC36F1F7 /* FrankRuhlLibre-Medium.ttf in Resources */,
				CB6174EF3E0942F99FD6F484 /* FrankRuhlLibre-Regular.ttf in Resources */,
				2E7CE0627DAC4E598BAC2D4D /* GowunBatang-Bold.ttf in Resources */,
				2428C6BEFBE84C5DBB9D18D1 /* GowunBatang-Regular.ttf in Resources */,
				D798DDF3683440FCBEEF21C6 /* AntDesign.ttf in Resources */,
				3FA6A6D75D244CF880FAD225 /* Entypo.ttf in Resources */,
				E43CC960703B4F98AFDCEA2E /* EvilIcons.ttf in Resources */,
				A72CE5385CBE48B9A392C30D /* Feather.ttf in Resources */,
				01C39BE0D5C64E39AA6189CA /* FontAwesome.ttf in Resources */,
				9D6F1988A4CE482C881F3D67 /* FontAwesome5_Brands.ttf in Resources */,
				7F27C24B1B934C6F91555468 /* FontAwesome5_Regular.ttf in Resources */,
				DCE936B3A98948018D58F663 /* FontAwesome5_Solid.ttf in Resources */,
				040789435C3A4EF4BEAD51BD /* Fontisto.ttf in Resources */,
				DFB6EF0F45B648358F2C2B7A /* Foundation.ttf in Resources */,
				1F263BF81F8D4766A8161DE0 /* FrankRuhlLibre-Black.ttf in Resources */,
				DF6B8CA05B734B3EB63EC45F /* FrankRuhlLibre-Bold.ttf in Resources */,
				5B62094E5E124613A663BCE8 /* FrankRuhlLibre-Light.ttf in Resources */,
				2505FA3A8C2046FE96960497 /* FrankRuhlLibre-Medium.ttf in Resources */,
				9443113AC2B0449F9D868539 /* FrankRuhlLibre-Regular.ttf in Resources */,
				AF98067D32B44B599AA0891D /* GowunBatang-Bold.ttf in Resources */,
				E4CAB036A86C4463BEF125A8 /* GowunBatang-Regular.ttf in Resources */,
				9B8B6ECDD4F84A36B6E5C40D /* Ionicons.ttf in Resources */,
				8DD6022BFE8D483C92C13784 /* MaterialCommunityIcons.ttf in Resources */,
				3FFFB410608B4439A8E77F61 /* MaterialIcons.ttf in Resources */,
				911D494E12C844FCB9B428C8 /* Octicons.ttf in Resources */,
				86069A417A2E41789CD722A5 /* SimpleLineIcons.ttf in Resources */,
				F8577FDF21C84C3EAE4D2918 /* Zocial.ttf in Resources */,
				5D3FB99A832E478285DB8D07 /* IBMPlexSansKR-Bold.ttf in Resources */,
				B300071FCE62405FBF2BE666 /* IBMPlexSansKR-ExtraLight.ttf in Resources */,
				2999643E27E54AFCAC5C7B6C /* IBMPlexSansKR-Light.ttf in Resources */,
				2BD6B360A03B4C0C92A92509 /* IBMPlexSansKR-Medium.ttf in Resources */,
				EE835B33C842443AA9843BD3 /* IBMPlexSansKR-Regular.ttf in Resources */,
				CD6EC02EB2F647E89424053A /* IBMPlexSansKR-SemiBold.ttf in Resources */,
				E9E8D7A86AC847DFA391EE64 /* IBMPlexSansKR-Thin.ttf in Resources */,
				0EBF887721284FEC94E72969 /* IBMPlexSansKR-Bold.ttf in Resources */,
				E9DC743539B64EBFA78F345C /* IBMPlexSansKR-ExtraLight.ttf in Resources */,
				F797B22AE4644124A717C152 /* IBMPlexSansKR-Light.ttf in Resources */,
				D39149B7F2954ED5A7DCAB44 /* IBMPlexSansKR-Medium.ttf in Resources */,
				6EAE22CFD7834C4794020F56 /* IBMPlexSansKR-Regular.ttf in Resources */,
				EA28999B1618428A88A8A242 /* IBMPlexSansKR-SemiBold.ttf in Resources */,
				7E28FBEB3DD841738439CD2E /* IBMPlexSansKR-Thin.ttf in Resources */,
			);
			runOnlyForDeploymentPostprocessing = 0;
		};
/* End PBXResourcesBuildPhase section */

/* Begin PBXShellScriptBuildPhase section */
		00DD1BFF1BD5951E006B06BC /* Bundle React Native code and images */ = {
			isa = PBXShellScriptBuildPhase;
			buildActionMask = 2147483647;
			files = (
			);
			inputPaths = (
			);
			name = "Bundle React Native code and images";
			outputPaths = (
			);
			runOnlyForDeploymentPostprocessing = 0;
			shellPath = /bin/sh;
			shellScript = "set -e\n\nexport NODE_BINARY=node\n../node_modules/react-native/scripts/react-native-xcode.sh\n";
		};
		34FE3DD54AD45152941F44B7 /* [CP] Copy Pods Resources */ = {
			isa = PBXShellScriptBuildPhase;
			buildActionMask = 2147483647;
			files = (
			);
			inputFileListPaths = (
				"${PODS_ROOT}/Target Support Files/Pods-RNFB-RNFBTests/Pods-RNFB-RNFBTests-resources-${CONFIGURATION}-input-files.xcfilelist",
			);
			name = "[CP] Copy Pods Resources";
			outputFileListPaths = (
				"${PODS_ROOT}/Target Support Files/Pods-RNFB-RNFBTests/Pods-RNFB-RNFBTests-resources-${CONFIGURATION}-output-files.xcfilelist",
			);
			runOnlyForDeploymentPostprocessing = 0;
			shellPath = /bin/sh;
			shellScript = "\"${PODS_ROOT}/Target Support Files/Pods-RNFB-RNFBTests/Pods-RNFB-RNFBTests-resources.sh\"\n";
			showEnvVarsInLog = 0;
		};
		6A143532452B1C1DCBDC6319 /* [CP] Embed Pods Frameworks */ = {
			isa = PBXShellScriptBuildPhase;
			buildActionMask = 2147483647;
			files = (
			);
			inputFileListPaths = (
				"${PODS_ROOT}/Target Support Files/Pods-RNFB-RNFBTests/Pods-RNFB-RNFBTests-frameworks-${CONFIGURATION}-input-files.xcfilelist",
			);
			name = "[CP] Embed Pods Frameworks";
			outputFileListPaths = (
				"${PODS_ROOT}/Target Support Files/Pods-RNFB-RNFBTests/Pods-RNFB-RNFBTests-frameworks-${CONFIGURATION}-output-files.xcfilelist",
			);
			runOnlyForDeploymentPostprocessing = 0;
			shellPath = /bin/sh;
			shellScript = "\"${PODS_ROOT}/Target Support Files/Pods-RNFB-RNFBTests/Pods-RNFB-RNFBTests-frameworks.sh\"\n";
			showEnvVarsInLog = 0;
		};
		97DA37D4D4AC1579C189FA91 /* [CP] Embed Pods Frameworks */ = {
			isa = PBXShellScriptBuildPhase;
			buildActionMask = 2147483647;
			files = (
			);
			inputFileListPaths = (
				"${PODS_ROOT}/Target Support Files/Pods-RNFB/Pods-RNFB-frameworks-${CONFIGURATION}-input-files.xcfilelist",
			);
			name = "[CP] Embed Pods Frameworks";
			outputFileListPaths = (
				"${PODS_ROOT}/Target Support Files/Pods-RNFB/Pods-RNFB-frameworks-${CONFIGURATION}-output-files.xcfilelist",
			);
			runOnlyForDeploymentPostprocessing = 0;
			shellPath = /bin/sh;
			shellScript = "\"${PODS_ROOT}/Target Support Files/Pods-RNFB/Pods-RNFB-frameworks.sh\"\n";
			showEnvVarsInLog = 0;
		};
		BDE75DFF3CA0B6D8C7320B9C /* [CP] Check Pods Manifest.lock */ = {
			isa = PBXShellScriptBuildPhase;
			buildActionMask = 2147483647;
			files = (
			);
			inputFileListPaths = (
			);
			inputPaths = (
				"${PODS_PODFILE_DIR_PATH}/Podfile.lock",
				"${PODS_ROOT}/Manifest.lock",
			);
			name = "[CP] Check Pods Manifest.lock";
			outputFileListPaths = (
			);
			outputPaths = (
				"$(DERIVED_FILE_DIR)/Pods-RNFB-checkManifestLockResult.txt",
			);
			runOnlyForDeploymentPostprocessing = 0;
			shellPath = /bin/sh;
			shellScript = "diff \"${PODS_PODFILE_DIR_PATH}/Podfile.lock\" \"${PODS_ROOT}/Manifest.lock\" > /dev/null\nif [ $? != 0 ] ; then\n    # print error to STDERR\n    echo \"error: The sandbox is not in sync with the Podfile.lock. Run 'pod install' or update your CocoaPods installation.\" >&2\n    exit 1\nfi\n# This output is used by Xcode 'outputs' to avoid re-running this script phase.\necho \"SUCCESS\" > \"${SCRIPT_OUTPUT_FILE_0}\"\n";
			showEnvVarsInLog = 0;
		};
		CFFFCBC6DD17485FDEEA4CE2 /* [CP] Copy Pods Resources */ = {
			isa = PBXShellScriptBuildPhase;
			buildActionMask = 2147483647;
			files = (
			);
			inputFileListPaths = (
				"${PODS_ROOT}/Target Support Files/Pods-RNFB/Pods-RNFB-resources-${CONFIGURATION}-input-files.xcfilelist",
			);
			name = "[CP] Copy Pods Resources";
			outputFileListPaths = (
				"${PODS_ROOT}/Target Support Files/Pods-RNFB/Pods-RNFB-resources-${CONFIGURATION}-output-files.xcfilelist",
			);
			runOnlyForDeploymentPostprocessing = 0;
			shellPath = /bin/sh;
			shellScript = "\"${PODS_ROOT}/Target Support Files/Pods-RNFB/Pods-RNFB-resources.sh\"\n";
			showEnvVarsInLog = 0;
		};
		E555AAEE9D15517120CA4EF1 /* [CP] Check Pods Manifest.lock */ = {
			isa = PBXShellScriptBuildPhase;
			buildActionMask = 2147483647;
			files = (
			);
			inputFileListPaths = (
			);
			inputPaths = (
				"${PODS_PODFILE_DIR_PATH}/Podfile.lock",
				"${PODS_ROOT}/Manifest.lock",
			);
			name = "[CP] Check Pods Manifest.lock";
			outputFileListPaths = (
			);
			outputPaths = (
				"$(DERIVED_FILE_DIR)/Pods-RNFB-RNFBTests-checkManifestLockResult.txt",
			);
			runOnlyForDeploymentPostprocessing = 0;
			shellPath = /bin/sh;
			shellScript = "diff \"${PODS_PODFILE_DIR_PATH}/Podfile.lock\" \"${PODS_ROOT}/Manifest.lock\" > /dev/null\nif [ $? != 0 ] ; then\n    # print error to STDERR\n    echo \"error: The sandbox is not in sync with the Podfile.lock. Run 'pod install' or update your CocoaPods installation.\" >&2\n    exit 1\nfi\n# This output is used by Xcode 'outputs' to avoid re-running this script phase.\necho \"SUCCESS\" > \"${SCRIPT_OUTPUT_FILE_0}\"\n";
			showEnvVarsInLog = 0;
		};
		FD10A7F022414F080027D42C /* Start Packager */ = {
			isa = PBXShellScriptBuildPhase;
			buildActionMask = 2147483647;
			files = (
			);
			inputFileListPaths = (
			);
			inputPaths = (
			);
			name = "Start Packager";
			outputFileListPaths = (
			);
			outputPaths = (
			);
			runOnlyForDeploymentPostprocessing = 0;
			shellPath = /bin/sh;
			shellScript = "export RCT_METRO_PORT=\"${RCT_METRO_PORT:=8081}\"\necho \"export RCT_METRO_PORT=${RCT_METRO_PORT}\" > \"${SRCROOT}/../node_modules/react-native/scripts/.packager.env\"\nif [ -z \"${RCT_NO_LAUNCH_PACKAGER+xxx}\" ] ; then\n  if nc -w 5 -z localhost ${RCT_METRO_PORT} ; then\n    if ! curl -s \"http://localhost:${RCT_METRO_PORT}/status\" | grep -q \"packager-status:running\" ; then\n      echo \"Port ${RCT_METRO_PORT} already in use, packager is either not running or not running correctly\"\n      exit 2\n    fi\n  else\n    open \"$SRCROOT/../node_modules/react-native/scripts/launchPackager.command\" || echo \"Can't start packager automatically\"\n  fi\nfi\n";
			showEnvVarsInLog = 0;
		};
/* End PBXShellScriptBuildPhase section */

/* Begin PBXSourcesBuildPhase section */
		00E356EA1AD99517003FC87E /* Sources */ = {
			isa = PBXSourcesBuildPhase;
			buildActionMask = 2147483647;
			files = (
				00E356F31AD99517003FC87E /* RNFBTests.m in Sources */,
			);
			runOnlyForDeploymentPostprocessing = 0;
		};
		13B07F871A680F5B00A75B9A /* Sources */ = {
			isa = PBXSourcesBuildPhase;
			buildActionMask = 2147483647;
			files = (
				13B07FBC1A68108700A75B9A /* AppDelegate.m in Sources */,
				13B07FC11A68108700A75B9A /* main.m in Sources */,
			);
			runOnlyForDeploymentPostprocessing = 0;
		};
/* End PBXSourcesBuildPhase section */

/* Begin PBXTargetDependency section */
		00E356F51AD99517003FC87E /* PBXTargetDependency */ = {
			isa = PBXTargetDependency;
			target = 13B07F861A680F5B00A75B9A /* RNFB */;
			targetProxy = 00E356F41AD99517003FC87E /* PBXContainerItemProxy */;
		};
/* End PBXTargetDependency section */

/* Begin XCBuildConfiguration section */
		00E356F61AD99517003FC87E /* Debug */ = {
			isa = XCBuildConfiguration;
			baseConfigurationReference = 3DABCE3694B55E9209B370BA /* Pods-RNFB-RNFBTests.debug.xcconfig */;
			buildSettings = {
				BUNDLE_LOADER = "$(TEST_HOST)";
				GCC_PREPROCESSOR_DEFINITIONS = (
					"DEBUG=1",
					"$(inherited)",
				);
				INFOPLIST_FILE = RNFBTests/Info.plist;
				IPHONEOS_DEPLOYMENT_TARGET = 11.0;
				LD_RUNPATH_SEARCH_PATHS = (
					"$(inherited)",
					"@executable_path/Frameworks",
					"@loader_path/Frameworks",
				);
				OTHER_LDFLAGS = (
					"-ObjC",
					"-lc++",
					"$(inherited)",
				);
				PRODUCT_BUNDLE_IDENTIFIER = "org.reactjs.native.example.$(PRODUCT_NAME:rfc1034identifier)";
				PRODUCT_NAME = "$(TARGET_NAME)";
				TEST_HOST = "$(BUILT_PRODUCTS_DIR)/RNFB.app/RNFB";
			};
			name = Debug;
		};
		00E356F71AD99517003FC87E /* Release */ = {
			isa = XCBuildConfiguration;
			baseConfigurationReference = 6CF229AAC9C3CABFF170BB64 /* Pods-RNFB-RNFBTests.release.xcconfig */;
			buildSettings = {
				BUNDLE_LOADER = "$(TEST_HOST)";
				COPY_PHASE_STRIP = NO;
				INFOPLIST_FILE = RNFBTests/Info.plist;
				IPHONEOS_DEPLOYMENT_TARGET = 11.0;
				LD_RUNPATH_SEARCH_PATHS = (
					"$(inherited)",
					"@executable_path/Frameworks",
					"@loader_path/Frameworks",
				);
				OTHER_LDFLAGS = (
					"-ObjC",
					"-lc++",
					"$(inherited)",
				);
				PRODUCT_BUNDLE_IDENTIFIER = "org.reactjs.native.example.$(PRODUCT_NAME:rfc1034identifier)";
				PRODUCT_NAME = "$(TARGET_NAME)";
				TEST_HOST = "$(BUILT_PRODUCTS_DIR)/RNFB.app/RNFB";
			};
			name = Release;
		};
		13B07F941A680F5B00A75B9A /* Debug */ = {
			isa = XCBuildConfiguration;
			baseConfigurationReference = 8A552EB77D52E25E7E53CF80 /* Pods-RNFB.debug.xcconfig */;
			buildSettings = {
				ASSETCATALOG_COMPILER_APPICON_NAME = AppIcon;
				CLANG_ENABLE_MODULES = YES;
				CURRENT_PROJECT_VERSION = 1;
				ENABLE_BITCODE = NO;
				INFOPLIST_FILE = RNFB/Info.plist;
				LD_RUNPATH_SEARCH_PATHS = (
					"$(inherited)",
					"@executable_path/Frameworks",
				);
				OTHER_LDFLAGS = (
					"$(inherited)",
					"-ObjC",
					"-lc++",
				);
				PRODUCT_BUNDLE_IDENTIFIER = "org.reactjs.native.example.$(PRODUCT_NAME:rfc1034identifier)";
				PRODUCT_NAME = RNFB;
				SWIFT_OPTIMIZATION_LEVEL = "-Onone";
				SWIFT_VERSION = 5.0;
				VERSIONING_SYSTEM = "apple-generic";
			};
			name = Debug;
		};
		13B07F951A680F5B00A75B9A /* Release */ = {
			isa = XCBuildConfiguration;
			baseConfigurationReference = 3CBD78B26DC797CAF5C817EC /* Pods-RNFB.release.xcconfig */;
			buildSettings = {
				ASSETCATALOG_COMPILER_APPICON_NAME = AppIcon;
				CLANG_ENABLE_MODULES = YES;
				CURRENT_PROJECT_VERSION = 1;
				INFOPLIST_FILE = RNFB/Info.plist;
				LD_RUNPATH_SEARCH_PATHS = (
					"$(inherited)",
					"@executable_path/Frameworks",
				);
				OTHER_LDFLAGS = (
					"$(inherited)",
					"-ObjC",
					"-lc++",
				);
				PRODUCT_BUNDLE_IDENTIFIER = "org.reactjs.native.example.$(PRODUCT_NAME:rfc1034identifier)";
				PRODUCT_NAME = RNFB;
				SWIFT_VERSION = 5.0;
				VERSIONING_SYSTEM = "apple-generic";
			};
			name = Release;
		};
		83CBBA201A601CBA00E9B192 /* Debug */ = {
			isa = XCBuildConfiguration;
			buildSettings = {
				ALWAYS_SEARCH_USER_PATHS = NO;
				CLANG_ANALYZER_LOCALIZABILITY_NONLOCALIZED = YES;
				CLANG_CXX_LANGUAGE_STANDARD = "gnu++0x";
				CLANG_CXX_LIBRARY = "libc++";
				CLANG_ENABLE_MODULES = YES;
				CLANG_ENABLE_OBJC_ARC = YES;
				CLANG_WARN_BLOCK_CAPTURE_AUTORELEASING = YES;
				CLANG_WARN_BOOL_CONVERSION = YES;
				CLANG_WARN_COMMA = YES;
				CLANG_WARN_CONSTANT_CONVERSION = YES;
				CLANG_WARN_DEPRECATED_OBJC_IMPLEMENTATIONS = YES;
				CLANG_WARN_DIRECT_OBJC_ISA_USAGE = YES_ERROR;
				CLANG_WARN_EMPTY_BODY = YES;
				CLANG_WARN_ENUM_CONVERSION = YES;
				CLANG_WARN_INFINITE_RECURSION = YES;
				CLANG_WARN_INT_CONVERSION = YES;
				CLANG_WARN_NON_LITERAL_NULL_CONVERSION = YES;
				CLANG_WARN_OBJC_IMPLICIT_RETAIN_SELF = YES;
				CLANG_WARN_OBJC_LITERAL_CONVERSION = YES;
				CLANG_WARN_OBJC_ROOT_CLASS = YES_ERROR;
				CLANG_WARN_QUOTED_INCLUDE_IN_FRAMEWORK_HEADER = YES;
				CLANG_WARN_RANGE_LOOP_ANALYSIS = YES;
				CLANG_WARN_STRICT_PROTOTYPES = YES;
				CLANG_WARN_SUSPICIOUS_MOVE = YES;
				CLANG_WARN_UNREACHABLE_CODE = YES;
				CLANG_WARN__DUPLICATE_METHOD_MATCH = YES;
				"CODE_SIGN_IDENTITY[sdk=iphoneos*]" = "iPhone Developer";
				COPY_PHASE_STRIP = NO;
				ENABLE_STRICT_OBJC_MSGSEND = YES;
				ENABLE_TESTABILITY = YES;
				"EXCLUDED_ARCHS[sdk=iphonesimulator*]" = "";
				GCC_C_LANGUAGE_STANDARD = gnu99;
				GCC_DYNAMIC_NO_PIC = NO;
				GCC_NO_COMMON_BLOCKS = YES;
				GCC_OPTIMIZATION_LEVEL = 0;
				GCC_PREPROCESSOR_DEFINITIONS = (
					"DEBUG=1",
					"$(inherited)",
				);
				GCC_SYMBOLS_PRIVATE_EXTERN = NO;
				GCC_WARN_64_TO_32_BIT_CONVERSION = YES;
				GCC_WARN_ABOUT_RETURN_TYPE = YES_ERROR;
				GCC_WARN_UNDECLARED_SELECTOR = YES;
				GCC_WARN_UNINITIALIZED_AUTOS = YES_AGGRESSIVE;
				GCC_WARN_UNUSED_FUNCTION = YES;
				GCC_WARN_UNUSED_VARIABLE = YES;
				IPHONEOS_DEPLOYMENT_TARGET = 11.0;
				LD_RUNPATH_SEARCH_PATHS = (
					/usr/lib/swift,
					"$(inherited)",
				);
				LIBRARY_SEARCH_PATHS = (
					"\"$(SDKROOT)/usr/lib/swift\"",
					"\"$(TOOLCHAIN_DIR)/usr/lib/swift/$(PLATFORM_NAME)\"",
					"\"$(inherited)\"",
				);
				MTL_ENABLE_DEBUG_INFO = YES;
				ONLY_ACTIVE_ARCH = YES;
				SDKROOT = iphoneos;
			};
			name = Debug;
		};
		83CBBA211A601CBA00E9B192 /* Release */ = {
			isa = XCBuildConfiguration;
			buildSettings = {
				ALWAYS_SEARCH_USER_PATHS = NO;
				CLANG_ANALYZER_LOCALIZABILITY_NONLOCALIZED = YES;
				CLANG_CXX_LANGUAGE_STANDARD = "gnu++0x";
				CLANG_CXX_LIBRARY = "libc++";
				CLANG_ENABLE_MODULES = YES;
				CLANG_ENABLE_OBJC_ARC = YES;
				CLANG_WARN_BLOCK_CAPTURE_AUTORELEASING = YES;
				CLANG_WARN_BOOL_CONVERSION = YES;
				CLANG_WARN_COMMA = YES;
				CLANG_WARN_CONSTANT_CONVERSION = YES;
				CLANG_WARN_DEPRECATED_OBJC_IMPLEMENTATIONS = YES;
				CLANG_WARN_DIRECT_OBJC_ISA_USAGE = YES_ERROR;
				CLANG_WARN_EMPTY_BODY = YES;
				CLANG_WARN_ENUM_CONVERSION = YES;
				CLANG_WARN_INFINITE_RECURSION = YES;
				CLANG_WARN_INT_CONVERSION = YES;
				CLANG_WARN_NON_LITERAL_NULL_CONVERSION = YES;
				CLANG_WARN_OBJC_IMPLICIT_RETAIN_SELF = YES;
				CLANG_WARN_OBJC_LITERAL_CONVERSION = YES;
				CLANG_WARN_OBJC_ROOT_CLASS = YES_ERROR;
				CLANG_WARN_QUOTED_INCLUDE_IN_FRAMEWORK_HEADER = YES;
				CLANG_WARN_RANGE_LOOP_ANALYSIS = YES;
				CLANG_WARN_STRICT_PROTOTYPES = YES;
				CLANG_WARN_SUSPICIOUS_MOVE = YES;
				CLANG_WARN_UNREACHABLE_CODE = YES;
				CLANG_WARN__DUPLICATE_METHOD_MATCH = YES;
				"CODE_SIGN_IDENTITY[sdk=iphoneos*]" = "iPhone Developer";
				COPY_PHASE_STRIP = YES;
				ENABLE_NS_ASSERTIONS = NO;
				ENABLE_STRICT_OBJC_MSGSEND = YES;
				"EXCLUDED_ARCHS[sdk=iphonesimulator*]" = "";
				GCC_C_LANGUAGE_STANDARD = gnu99;
				GCC_NO_COMMON_BLOCKS = YES;
				GCC_WARN_64_TO_32_BIT_CONVERSION = YES;
				GCC_WARN_ABOUT_RETURN_TYPE = YES_ERROR;
				GCC_WARN_UNDECLARED_SELECTOR = YES;
				GCC_WARN_UNINITIALIZED_AUTOS = YES_AGGRESSIVE;
				GCC_WARN_UNUSED_FUNCTION = YES;
				GCC_WARN_UNUSED_VARIABLE = YES;
				IPHONEOS_DEPLOYMENT_TARGET = 11.0;
				LD_RUNPATH_SEARCH_PATHS = (
					/usr/lib/swift,
					"$(inherited)",
				);
				LIBRARY_SEARCH_PATHS = (
					"\"$(SDKROOT)/usr/lib/swift\"",
					"\"$(TOOLCHAIN_DIR)/usr/lib/swift/$(PLATFORM_NAME)\"",
					"\"$(inherited)\"",
				);
				MTL_ENABLE_DEBUG_INFO = NO;
				SDKROOT = iphoneos;
				VALIDATE_PRODUCT = YES;
			};
			name = Release;
		};
/* End XCBuildConfiguration section */

/* Begin XCConfigurationList section */
		00E357021AD99517003FC87E /* Build configuration list for PBXNativeTarget "RNFBTests" */ = {
			isa = XCConfigurationList;
			buildConfigurations = (
				00E356F61AD99517003FC87E /* Debug */,
				00E356F71AD99517003FC87E /* Release */,
			);
			defaultConfigurationIsVisible = 0;
			defaultConfigurationName = Release;
		};
		13B07F931A680F5B00A75B9A /* Build configuration list for PBXNativeTarget "RNFB" */ = {
			isa = XCConfigurationList;
			buildConfigurations = (
				13B07F941A680F5B00A75B9A /* Debug */,
				13B07F951A680F5B00A75B9A /* Release */,
			);
			defaultConfigurationIsVisible = 0;
			defaultConfigurationName = Release;
		};
		83CBB9FA1A601CBA00E9B192 /* Build configuration list for PBXProject "RNFB" */ = {
			isa = XCConfigurationList;
			buildConfigurations = (
				83CBBA201A601CBA00E9B192 /* Debug */,
				83CBBA211A601CBA00E9B192 /* Release */,
			);
			defaultConfigurationIsVisible = 0;
			defaultConfigurationName = Release;
		};
/* End XCConfigurationList section */
	};
	rootObject = 83CBB9F71A601CBA00E9B192 /* Project object */;
}
